
Microsoft Visual Studio Solution File, Format Version 12.00
# Visual Studio 15
VisualStudioVersion = 15.0.28010.2003
MinimumVisualStudioVersion = 10.0.40219.1
Project("{2150E333-8FDC-42A3-9474-1A3956D46DE8}") = "1.Presentation", "1.Presentation", "{5305DA5B-7110-4FC1-A2A7-085F9E686695}"
EndProject
Project("{2150E333-8FDC-42A3-9474-1A3956D46DE8}") = "Api", "Api", "{D863FBD4-A5E7-4CB5-94CB-23F3A11F3576}"
EndProject
Project("{2150E333-8FDC-42A3-9474-1A3956D46DE8}") = "Functions", "Functions", "{EECB4FEF-68D1-40EE-A05D-BA2A8961DD4C}"
EndProject
Project("{2150E333-8FDC-42A3-9474-1A3956D46DE8}") = "Web", "Web", "{60C46E9E-782B-4011-8061-8FF7C6E4B982}"
EndProject
Project("{2150E333-8FDC-42A3-9474-1A3956D46DE8}") = "2.Application", "2.Application", "{97C0D6A6-45DE-4104-912A-57B023DB9D28}"
EndProject
Project("{2150E333-8FDC-42A3-9474-1A3956D46DE8}") = "Definition", "Definition", "{77BA7A6B-85DF-454F-AE05-40D2F0188DA9}"
EndProject
Project("{2150E333-8FDC-42A3-9474-1A3956D46DE8}") = "Implementation", "Implementation", "{A2A7001D-9006-485D-94E4-75ACD072F1B7}"
EndProject
Project("{2150E333-8FDC-42A3-9474-1A3956D46DE8}") = "3.Core", "3.Core", "{98FC600E-E900-49FE-8E87-CAEB6D0D0B8F}"
EndProject
Project("{2150E333-8FDC-42A3-9474-1A3956D46DE8}") = "Dtos", "Dtos", "{E9D37E93-EE5E-4951-B707-C22C92DFE00B}"
	ProjectSection(SolutionItems) = preProject
		Application.Main.Implementation\UserAppService.cs = Application.Main.Implementation\UserAppService.cs
	EndProjectSection
EndProject
Project("{2150E333-8FDC-42A3-9474-1A3956D46DE8}") = "Entities", "Entities", "{6710467E-38AA-466A-B5C8-B1FF3DF9F194}"
EndProject
Project("{2150E333-8FDC-42A3-9474-1A3956D46DE8}") = "Repositories", "Repositories", "{60F04D58-533A-40B8-BEB9-66D937C43C1C}"
EndProject
Project("{2150E333-8FDC-42A3-9474-1A3956D46DE8}") = "4.Data", "4.Data", "{2193270B-DD62-42DB-B14D-3A57EB9D3B3A}"
EndProject
Project("{2150E333-8FDC-42A3-9474-1A3956D46DE8}") = "5.Crosscutting", "5.Crosscutting", "{E2D533E5-5095-4D29-9934-056A492D41B5}"
EndProject
Project("{2150E333-8FDC-42A3-9474-1A3956D46DE8}") = "6.Testing", "6.Testing", "{76F40795-A740-4E66-9B1D-DF3DE5E48663}"
EndProject
Project("{2150E333-8FDC-42A3-9474-1A3956D46DE8}") = "7.IoC", "7.IoC", "{133E6747-DFB5-4CA2-999C-474107067153}"
EndProject
Project("{2150E333-8FDC-42A3-9474-1A3956D46DE8}") = "Common", "Common", "{DFB79F60-BB07-4858-83E9-8C54EA6316C5}"
EndProject
Project("{2150E333-8FDC-42A3-9474-1A3956D46DE8}") = "Providers", "Providers", "{972A52BD-2A8F-4F46-8334-81DEACDA07E0}"
EndProject
Project("{2150E333-8FDC-42A3-9474-1A3956D46DE8}") = "Sql", "Sql", "{B2090D67-BB01-4181-9DEB-F76C41005FB8}"
EndProject
Project("{2150E333-8FDC-42A3-9474-1A3956D46DE8}") = "MySql", "MySql", "{9096CD80-6949-4063-B005-4E2F19C57DDD}"
EndProject
Project("{9A19103F-16F7-4668-BE54-9A1E7A4F7556}") = "Core.Entities", "Core.Entities\Core.Entities.csproj", "{57C7B82B-CD0F-400D-A72D-EB6DD419CD6F}"
EndProject
Project("{9A19103F-16F7-4668-BE54-9A1E7A4F7556}") = "Core.GlobalRepository", "Core.GlobalRepository\Core.GlobalRepository.csproj", "{998E0550-1B31-4E53-855D-ACF862F21CD3}"
EndProject
Project("{9A19103F-16F7-4668-BE54-9A1E7A4F7556}") = "Application.Main.Definition", "Application.Main.Definition\Application.Main.Definition.csproj", "{31CD59AD-880F-4629-B0D5-484CF7A17C38}"
EndProject
Project("{9A19103F-16F7-4668-BE54-9A1E7A4F7556}") = "Application.Main.Implementation", "Application.Main.Implementation\Application.Main.Implementation.csproj", "{CF56FB23-E2FC-4A75-8773-9815D2E5C667}"
EndProject
Project("{9A19103F-16F7-4668-BE54-9A1E7A4F7556}") = "Data.Common.Definition", "Data.Common.Definition\Data.Common.Definition.csproj", "{B69FE82E-1410-4D4C-96D5-301D6B3E50EB}"
EndProject
Project("{9A19103F-16F7-4668-BE54-9A1E7A4F7556}") = "Core.DataTransferObject", "Core.DataTransferObject\Core.DataTransferObject.csproj", "{2DFCD17F-B57F-4EFF-AF06-08B7BE9B1561}"
EndProject
Project("{9A19103F-16F7-4668-BE54-9A1E7A4F7556}") = "Presentation.Api", "Presentation.Api\Presentation.Api.csproj", "{BC872C07-31F7-4584-A3C9-181B18D9D7FD}"
EndProject
Project("{9A19103F-16F7-4668-BE54-9A1E7A4F7556}") = "Data.Common.Implementation", "Data.Common.Implementation\Data.Common.Implementation.csproj", "{654DCC99-BF2A-4C53-BEBC-24C715832178}"
EndProject
Project("{9A19103F-16F7-4668-BE54-9A1E7A4F7556}") = "Crosscutting.DependencyInjectionFactory", "Crosscutting.DependencyInjectionFactory\Crosscutting.DependencyInjectionFactory.csproj", "{EC68B433-DF5A-4924-A6C3-B97309FDDE46}"
EndProject
Project("{9A19103F-16F7-4668-BE54-9A1E7A4F7556}") = "DataAccess.MsSql", "DataAccess.MsSql\DataAccess.MsSql.csproj", "{5B9BF6CE-5FD6-4F26-9065-81AC5E39F03D}"
EndProject
Project("{2150E333-8FDC-42A3-9474-1A3956D46DE8}") = "ImpRepository", "ImpRepository", "{DEDE2886-1FDF-4F77-A5D2-7E9A02A5A407}"
EndProject
Project("{FAE04EC0-301F-11D3-BF4B-00C04F79EFBC}") = "DataAccess.MySql", "MyParkingAppContextMySql\DataAccess.MySql.csproj", "{05EE22E8-6C15-4D82-8C19-4E98638C3B95}"
EndProject
Project("{9A19103F-16F7-4668-BE54-9A1E7A4F7556}") = "DataAccess.Repository", "DataAccess.Repository\DataAccess.Repository.csproj", "{7280CE74-1BF2-4E7A-8C31-B2428D60E832}"
EndProject
Global
	GlobalSection(SolutionConfigurationPlatforms) = preSolution
		Debug|Any CPU = Debug|Any CPU
		Release|Any CPU = Release|Any CPU
	EndGlobalSection
	GlobalSection(ProjectConfigurationPlatforms) = postSolution
		{57C7B82B-CD0F-400D-A72D-EB6DD419CD6F}.Debug|Any CPU.ActiveCfg = Debug|Any CPU
		{57C7B82B-CD0F-400D-A72D-EB6DD419CD6F}.Debug|Any CPU.Build.0 = Debug|Any CPU
		{57C7B82B-CD0F-400D-A72D-EB6DD419CD6F}.Release|Any CPU.ActiveCfg = Release|Any CPU
		{57C7B82B-CD0F-400D-A72D-EB6DD419CD6F}.Release|Any CPU.Build.0 = Release|Any CPU
		{998E0550-1B31-4E53-855D-ACF862F21CD3}.Debug|Any CPU.ActiveCfg = Debug|Any CPU
		{998E0550-1B31-4E53-855D-ACF862F21CD3}.Debug|Any CPU.Build.0 = Debug|Any CPU
		{998E0550-1B31-4E53-855D-ACF862F21CD3}.Release|Any CPU.ActiveCfg = Release|Any CPU
		{998E0550-1B31-4E53-855D-ACF862F21CD3}.Release|Any CPU.Build.0 = Release|Any CPU
		{31CD59AD-880F-4629-B0D5-484CF7A17C38}.Debug|Any CPU.ActiveCfg = Debug|Any CPU
		{31CD59AD-880F-4629-B0D5-484CF7A17C38}.Debug|Any CPU.Build.0 = Debug|Any CPU
		{31CD59AD-880F-4629-B0D5-484CF7A17C38}.Release|Any CPU.ActiveCfg = Release|Any CPU
		{31CD59AD-880F-4629-B0D5-484CF7A17C38}.Release|Any CPU.Build.0 = Release|Any CPU
		{CF56FB23-E2FC-4A75-8773-9815D2E5C667}.Debug|Any CPU.ActiveCfg = Debug|Any CPU
		{CF56FB23-E2FC-4A75-8773-9815D2E5C667}.Debug|Any CPU.Build.0 = Debug|Any CPU
		{CF56FB23-E2FC-4A75-8773-9815D2E5C667}.Release|Any CPU.ActiveCfg = Release|Any CPU
		{CF56FB23-E2FC-4A75-8773-9815D2E5C667}.Release|Any CPU.Build.0 = Release|Any CPU
		{B69FE82E-1410-4D4C-96D5-301D6B3E50EB}.Debug|Any CPU.ActiveCfg = Debug|Any CPU
		{B69FE82E-1410-4D4C-96D5-301D6B3E50EB}.Debug|Any CPU.Build.0 = Debug|Any CPU
		{B69FE82E-1410-4D4C-96D5-301D6B3E50EB}.Release|Any CPU.ActiveCfg = Release|Any CPU
		{B69FE82E-1410-4D4C-96D5-301D6B3E50EB}.Release|Any CPU.Build.0 = Release|Any CPU
		{2DFCD17F-B57F-4EFF-AF06-08B7BE9B1561}.Debug|Any CPU.ActiveCfg = Debug|Any CPU
		{2DFCD17F-B57F-4EFF-AF06-08B7BE9B1561}.Debug|Any CPU.Build.0 = Debug|Any CPU
		{2DFCD17F-B57F-4EFF-AF06-08B7BE9B1561}.Release|Any CPU.ActiveCfg = Release|Any CPU
		{2DFCD17F-B57F-4EFF-AF06-08B7BE9B1561}.Release|Any CPU.Build.0 = Release|Any CPU
		{BC872C07-31F7-4584-A3C9-181B18D9D7FD}.Debug|Any CPU.ActiveCfg = Debug|Any CPU
		{BC872C07-31F7-4584-A3C9-181B18D9D7FD}.Debug|Any CPU.Build.0 = Debug|Any CPU
		{BC872C07-31F7-4584-A3C9-181B18D9D7FD}.Release|Any CPU.ActiveCfg = Release|Any CPU
		{BC872C07-31F7-4584-A3C9-181B18D9D7FD}.Release|Any CPU.Build.0 = Release|Any CPU
		{654DCC99-BF2A-4C53-BEBC-24C715832178}.Debug|Any CPU.ActiveCfg = Debug|Any CPU
		{654DCC99-BF2A-4C53-BEBC-24C715832178}.Debug|Any CPU.Build.0 = Debug|Any CPU
		{654DCC99-BF2A-4C53-BEBC-24C715832178}.Release|Any CPU.ActiveCfg = Release|Any CPU
		{654DCC99-BF2A-4C53-BEBC-24C715832178}.Release|Any CPU.Build.0 = Release|Any CPU
		{EC68B433-DF5A-4924-A6C3-B97309FDDE46}.Debug|Any CPU.ActiveCfg = Debug|Any CPU
		{EC68B433-DF5A-4924-A6C3-B97309FDDE46}.Debug|Any CPU.Build.0 = Debug|Any CPU
		{EC68B433-DF5A-4924-A6C3-B97309FDDE46}.Release|Any CPU.ActiveCfg = Release|Any CPU
		{EC68B433-DF5A-4924-A6C3-B97309FDDE46}.Release|Any CPU.Build.0 = Release|Any CPU
		{5B9BF6CE-5FD6-4F26-9065-81AC5E39F03D}.Debug|Any CPU.ActiveCfg = Debug|Any CPU
		{5B9BF6CE-5FD6-4F26-9065-81AC5E39F03D}.Debug|Any CPU.Build.0 = Debug|Any CPU
		{5B9BF6CE-5FD6-4F26-9065-81AC5E39F03D}.Release|Any CPU.ActiveCfg = Release|Any CPU
		{5B9BF6CE-5FD6-4F26-9065-81AC5E39F03D}.Release|Any CPU.Build.0 = Release|Any CPU
		{05EE22E8-6C15-4D82-8C19-4E98638C3B95}.Debug|Any CPU.ActiveCfg = Debug|Any CPU
		{05EE22E8-6C15-4D82-8C19-4E98638C3B95}.Debug|Any CPU.Build.0 = Debug|Any CPU
		{05EE22E8-6C15-4D82-8C19-4E98638C3B95}.Release|Any CPU.ActiveCfg = Release|Any CPU
		{05EE22E8-6C15-4D82-8C19-4E98638C3B95}.Release|Any CPU.Build.0 = Release|Any CPU
		{7280CE74-1BF2-4E7A-8C31-B2428D60E832}.Debug|Any CPU.ActiveCfg = Debug|Any CPU
		{7280CE74-1BF2-4E7A-8C31-B2428D60E832}.Debug|Any CPU.Build.0 = Debug|Any CPU
		{7280CE74-1BF2-4E7A-8C31-B2428D60E832}.Release|Any CPU.ActiveCfg = Release|Any CPU
		{7280CE74-1BF2-4E7A-8C31-B2428D60E832}.Release|Any CPU.Build.0 = Release|Any CPU
	EndGlobalSection
	GlobalSection(SolutionProperties) = preSolution
		HideSolutionNode = FALSE
	EndGlobalSection
	GlobalSection(NestedProjects) = preSolution
		{D863FBD4-A5E7-4CB5-94CB-23F3A11F3576} = {5305DA5B-7110-4FC1-A2A7-085F9E686695}
		{EECB4FEF-68D1-40EE-A05D-BA2A8961DD4C} = {5305DA5B-7110-4FC1-A2A7-085F9E686695}
		{60C46E9E-782B-4011-8061-8FF7C6E4B982} = {5305DA5B-7110-4FC1-A2A7-085F9E686695}
		{77BA7A6B-85DF-454F-AE05-40D2F0188DA9} = {97C0D6A6-45DE-4104-912A-57B023DB9D28}
		{A2A7001D-9006-485D-94E4-75ACD072F1B7} = {97C0D6A6-45DE-4104-912A-57B023DB9D28}
		{E9D37E93-EE5E-4951-B707-C22C92DFE00B} = {98FC600E-E900-49FE-8E87-CAEB6D0D0B8F}
		{6710467E-38AA-466A-B5C8-B1FF3DF9F194} = {98FC600E-E900-49FE-8E87-CAEB6D0D0B8F}
		{60F04D58-533A-40B8-BEB9-66D937C43C1C} = {98FC600E-E900-49FE-8E87-CAEB6D0D0B8F}
		{DFB79F60-BB07-4858-83E9-8C54EA6316C5} = {2193270B-DD62-42DB-B14D-3A57EB9D3B3A}
		{972A52BD-2A8F-4F46-8334-81DEACDA07E0} = {2193270B-DD62-42DB-B14D-3A57EB9D3B3A}
		{B2090D67-BB01-4181-9DEB-F76C41005FB8} = {972A52BD-2A8F-4F46-8334-81DEACDA07E0}
		{9096CD80-6949-4063-B005-4E2F19C57DDD} = {972A52BD-2A8F-4F46-8334-81DEACDA07E0}
		{57C7B82B-CD0F-400D-A72D-EB6DD419CD6F} = {6710467E-38AA-466A-B5C8-B1FF3DF9F194}
		{998E0550-1B31-4E53-855D-ACF862F21CD3} = {60F04D58-533A-40B8-BEB9-66D937C43C1C}
		{31CD59AD-880F-4629-B0D5-484CF7A17C38} = {77BA7A6B-85DF-454F-AE05-40D2F0188DA9}
		{CF56FB23-E2FC-4A75-8773-9815D2E5C667} = {A2A7001D-9006-485D-94E4-75ACD072F1B7}
		{B69FE82E-1410-4D4C-96D5-301D6B3E50EB} = {DFB79F60-BB07-4858-83E9-8C54EA6316C5}
		{2DFCD17F-B57F-4EFF-AF06-08B7BE9B1561} = {E9D37E93-EE5E-4951-B707-C22C92DFE00B}
		{BC872C07-31F7-4584-A3C9-181B18D9D7FD} = {D863FBD4-A5E7-4CB5-94CB-23F3A11F3576}
		{654DCC99-BF2A-4C53-BEBC-24C715832178} = {DFB79F60-BB07-4858-83E9-8C54EA6316C5}
		{EC68B433-DF5A-4924-A6C3-B97309FDDE46} = {133E6747-DFB5-4CA2-999C-474107067153}
		{5B9BF6CE-5FD6-4F26-9065-81AC5E39F03D} = {B2090D67-BB01-4181-9DEB-F76C41005FB8}
		{DEDE2886-1FDF-4F77-A5D2-7E9A02A5A407} = {2193270B-DD62-42DB-B14D-3A57EB9D3B3A}
		{05EE22E8-6C15-4D82-8C19-4E98638C3B95} = {9096CD80-6949-4063-B005-4E2F19C57DDD}
		{7280CE74-1BF2-4E7A-8C31-B2428D60E832} = {DEDE2886-1FDF-4F77-A5D2-7E9A02A5A407}
	EndGlobalSection
	GlobalSection(ExtensibilityGlobals) = postSolution
		SolutionGuid = {A04070D2-0B34-47FC-ADCC-55F1AAFCB751}
	EndGlobalSection
EndGlobal
